// !$*UTF8*$!
{
	archiveVersion = 1;
	classes = {
	};
	objectVersion = 46;
	objects = {

/* Begin PBXBuildFile section */
		2E739C091AAB52DA003295C5 /* ThreadTableViewController.swift in Sources */ = {isa = PBXBuildFile; fileRef = 2E739C081AAB52DA003295C5 /* ThreadTableViewController.swift */; };
		2E739C0B1AAB5586003295C5 /* StoreKit.framework in Frameworks */ = {isa = PBXBuildFile; fileRef = 2E739C0A1AAB5586003295C5 /* StoreKit.framework */; };
		2E739C0D1AAB5596003295C5 /* libsqlite3.dylib in Frameworks */ = {isa = PBXBuildFile; fileRef = 2E739C0C1AAB5596003295C5 /* libsqlite3.dylib */; };
		2E739C0F1AAB55A1003295C5 /* libz.dylib in Frameworks */ = {isa = PBXBuildFile; fileRef = 2E739C0E1AAB55A1003295C5 /* libz.dylib */; };
		2E739C111AAB55B5003295C5 /* SystemConfiguration.framework in Frameworks */ = {isa = PBXBuildFile; fileRef = 2E739C101AAB55B5003295C5 /* SystemConfiguration.framework */; };
		2E739C131AAB55BE003295C5 /* Security.framework in Frameworks */ = {isa = PBXBuildFile; fileRef = 2E739C121AAB55BE003295C5 /* Security.framework */; };
		2E739C151AAB55C3003295C5 /* QuartzCore.framework in Frameworks */ = {isa = PBXBuildFile; fileRef = 2E739C141AAB55C3003295C5 /* QuartzCore.framework */; };
		2E739C171AAB55C8003295C5 /* MobileCoreServices.framework in Frameworks */ = {isa = PBXBuildFile; fileRef = 2E739C161AAB55C8003295C5 /* MobileCoreServices.framework */; };
		2E739C191AAB55CD003295C5 /* CoreLocation.framework in Frameworks */ = {isa = PBXBuildFile; fileRef = 2E739C181AAB55CD003295C5 /* CoreLocation.framework */; };
		2E739C1B1AAB55D3003295C5 /* CoreGraphics.framework in Frameworks */ = {isa = PBXBuildFile; fileRef = 2E739C1A1AAB55D3003295C5 /* CoreGraphics.framework */; };
		2E739C1D1AAB55D9003295C5 /* CFNetwork.framework in Frameworks */ = {isa = PBXBuildFile; fileRef = 2E739C1C1AAB55D9003295C5 /* CFNetwork.framework */; };
		2E739C1F1AAB55DF003295C5 /* AudioToolbox.framework in Frameworks */ = {isa = PBXBuildFile; fileRef = 2E739C1E1AAB55DF003295C5 /* AudioToolbox.framework */; };
		2E739C251AAB5605003295C5 /* Bolts.framework in Frameworks */ = {isa = PBXBuildFile; fileRef = 2E739C201AAB5605003295C5 /* Bolts.framework */; };
		2E739C261AAB5605003295C5 /* Parse.framework in Frameworks */ = {isa = PBXBuildFile; fileRef = 2E739C211AAB5605003295C5 /* Parse.framework */; };
		2E739C271AAB5605003295C5 /* ParseCrashReporting.framework in Frameworks */ = {isa = PBXBuildFile; fileRef = 2E739C221AAB5605003295C5 /* ParseCrashReporting.framework */; };
		2E739C281AAB5605003295C5 /* ParseFacebookUtils.framework in Frameworks */ = {isa = PBXBuildFile; fileRef = 2E739C231AAB5605003295C5 /* ParseFacebookUtils.framework */; };
		2E739C291AAB5605003295C5 /* ParseUI.framework in Frameworks */ = {isa = PBXBuildFile; fileRef = 2E739C241AAB5605003295C5 /* ParseUI.framework */; };
		2E739C2E1AAB69ED003295C5 /* PostTableViewCell.swift in Sources */ = {isa = PBXBuildFile; fileRef = 2E739C2D1AAB69ED003295C5 /* PostTableViewCell.swift */; };
		2E739C301AAB7D94003295C5 /* Main.storyboard in Resources */ = {isa = PBXBuildFile; fileRef = 2E739C2F1AAB7D94003295C5 /* Main.storyboard */; };
		2E8FDCB61AAB489500AA6219 /* AppDelegate.swift in Sources */ = {isa = PBXBuildFile; fileRef = 2E8FDCB51AAB489500AA6219 /* AppDelegate.swift */; };
		2E8FDCBD1AAB489500AA6219 /* Images.xcassets in Resources */ = {isa = PBXBuildFile; fileRef = 2E8FDCBC1AAB489500AA6219 /* Images.xcassets */; };
		2E8FDCC01AAB489500AA6219 /* LaunchScreen.xib in Resources */ = {isa = PBXBuildFile; fileRef = 2E8FDCBE1AAB489500AA6219 /* LaunchScreen.xib */; };
		2E8FDCCC1AAB489500AA6219 /* EduChatTests.swift in Sources */ = {isa = PBXBuildFile; fileRef = 2E8FDCCB1AAB489500AA6219 /* EduChatTests.swift */; };
/* End PBXBuildFile section */

/* Begin PBXContainerItemProxy section */
		2E8FDCC61AAB489500AA6219 /* PBXContainerItemProxy */ = {
			isa = PBXContainerItemProxy;
			containerPortal = 2E8FDCA81AAB489500AA6219 /* Project object */;
			proxyType = 1;
			remoteGlobalIDString = 2E8FDCAF1AAB489500AA6219;
			remoteInfo = EduChat;
		};
/* End PBXContainerItemProxy section */

/* Begin PBXFileReference section */
		2E739C081AAB52DA003295C5 /* ThreadTableViewController.swift */ = {isa = PBXFileReference; fileEncoding = 4; lastKnownFileType = sourcecode.swift; name = ThreadTableViewController.swift; path = ../ThreadTableViewController.swift; sourceTree = "<group>"; };
		2E739C0A1AAB5586003295C5 /* StoreKit.framework */ = {isa = PBXFileReference; lastKnownFileType = wrapper.framework; name = StoreKit.framework; path = System/Library/Frameworks/StoreKit.framework; sourceTree = SDKROOT; };
		2E739C0C1AAB5596003295C5 /* libsqlite3.dylib */ = {isa = PBXFileReference; lastKnownFileType = "compiled.mach-o.dylib"; name = libsqlite3.dylib; path = usr/lib/libsqlite3.dylib; sourceTree = SDKROOT; };
		2E739C0E1AAB55A1003295C5 /* libz.dylib */ = {isa = PBXFileReference; lastKnownFileType = "compiled.mach-o.dylib"; name = libz.dylib; path = usr/lib/libz.dylib; sourceTree = SDKROOT; };
		2E739C101AAB55B5003295C5 /* SystemConfiguration.framework */ = {isa = PBXFileReference; lastKnownFileType = wrapper.framework; name = SystemConfiguration.framework; path = System/Library/Frameworks/SystemConfiguration.framework; sourceTree = SDKROOT; };
		2E739C121AAB55BE003295C5 /* Security.framework */ = {isa = PBXFileReference; lastKnownFileType = wrapper.framework; name = Security.framework; path = System/Library/Frameworks/Security.framework; sourceTree = SDKROOT; };
		2E739C141AAB55C3003295C5 /* QuartzCore.framework */ = {isa = PBXFileReference; lastKnownFileType = wrapper.framework; name = QuartzCore.framework; path = System/Library/Frameworks/QuartzCore.framework; sourceTree = SDKROOT; };
		2E739C161AAB55C8003295C5 /* MobileCoreServices.framework */ = {isa = PBXFileReference; lastKnownFileType = wrapper.framework; name = MobileCoreServices.framework; path = System/Library/Frameworks/MobileCoreServices.framework; sourceTree = SDKROOT; };
		2E739C181AAB55CD003295C5 /* CoreLocation.framework */ = {isa = PBXFileReference; lastKnownFileType = wrapper.framework; name = CoreLocation.framework; path = System/Library/Frameworks/CoreLocation.framework; sourceTree = SDKROOT; };
		2E739C1A1AAB55D3003295C5 /* CoreGraphics.framework */ = {isa = PBXFileReference; lastKnownFileType = wrapper.framework; name = CoreGraphics.framework; path = System/Library/Frameworks/CoreGraphics.framework; sourceTree = SDKROOT; };
		2E739C1C1AAB55D9003295C5 /* CFNetwork.framework */ = {isa = PBXFileReference; lastKnownFileType = wrapper.framework; name = CFNetwork.framework; path = System/Library/Frameworks/CFNetwork.framework; sourceTree = SDKROOT; };
		2E739C1E1AAB55DF003295C5 /* AudioToolbox.framework */ = {isa = PBXFileReference; lastKnownFileType = wrapper.framework; name = AudioToolbox.framework; path = System/Library/Frameworks/AudioToolbox.framework; sourceTree = SDKROOT; };
		2E739C201AAB5605003295C5 /* Bolts.framework */ = {isa = PBXFileReference; lastKnownFileType = wrapper.framework; path = Bolts.framework; sourceTree = "<group>"; };
		2E739C211AAB5605003295C5 /* Parse.framework */ = {isa = PBXFileReference; lastKnownFileType = wrapper.framework; path = Parse.framework; sourceTree = "<group>"; };
		2E739C221AAB5605003295C5 /* ParseCrashReporting.framework */ = {isa = PBXFileReference; lastKnownFileType = wrapper.framework; path = ParseCrashReporting.framework; sourceTree = "<group>"; };
		2E739C231AAB5605003295C5 /* ParseFacebookUtils.framework */ = {isa = PBXFileReference; lastKnownFileType = wrapper.framework; path = ParseFacebookUtils.framework; sourceTree = "<group>"; };
		2E739C241AAB5605003295C5 /* ParseUI.framework */ = {isa = PBXFileReference; lastKnownFileType = wrapper.framework; path = ParseUI.framework; sourceTree = "<group>"; };
		2E739C2D1AAB69ED003295C5 /* PostTableViewCell.swift */ = {isa = PBXFileReference; fileEncoding = 4; lastKnownFileType = sourcecode.swift; path = PostTableViewCell.swift; sourceTree = "<group>"; };
		2E739C2F1AAB7D94003295C5 /* Main.storyboard */ = {isa = PBXFileReference; fileEncoding = 4; lastKnownFileType = file.storyboard; path = Main.storyboard; sourceTree = "<group>"; };
		2E8FDCB01AAB489500AA6219 /* EduChat.app */ = {isa = PBXFileReference; explicitFileType = wrapper.application; includeInIndex = 0; path = EduChat.app; sourceTree = BUILT_PRODUCTS_DIR; };
		2E8FDCB41AAB489500AA6219 /* Info.plist */ = {isa = PBXFileReference; lastKnownFileType = text.plist.xml; path = Info.plist; sourceTree = "<group>"; };
		2E8FDCB51AAB489500AA6219 /* AppDelegate.swift */ = {isa = PBXFileReference; lastKnownFileType = sourcecode.swift; path = AppDelegate.swift; sourceTree = "<group>"; };
		2E8FDCBC1AAB489500AA6219 /* Images.xcassets */ = {isa = PBXFileReference; lastKnownFileType = folder.assetcatalog; path = Images.xcassets; sourceTree = "<group>"; };
		2E8FDCBF1AAB489500AA6219 /* Base */ = {isa = PBXFileReference; lastKnownFileType = file.xib; name = Base; path = Base.lproj/LaunchScreen.xib; sourceTree = "<group>"; };
		2E8FDCC51AAB489500AA6219 /* EduChatTests.xctest */ = {isa = PBXFileReference; explicitFileType = wrapper.cfbundle; includeInIndex = 0; path = EduChatTests.xctest; sourceTree = BUILT_PRODUCTS_DIR; };
		2E8FDCCA1AAB489500AA6219 /* Info.plist */ = {isa = PBXFileReference; lastKnownFileType = text.plist.xml; path = Info.plist; sourceTree = "<group>"; };
		2E8FDCCB1AAB489500AA6219 /* EduChatTests.swift */ = {isa = PBXFileReference; lastKnownFileType = sourcecode.swift; path = EduChatTests.swift; sourceTree = "<group>"; };
		2E8FDCD51AAB48FE00AA6219 /* EduChat-Bridging-Header.h */ = {isa = PBXFileReference; lastKnownFileType = sourcecode.c.h; path = "EduChat-Bridging-Header.h"; sourceTree = "<group>"; };
/* End PBXFileReference section */

/* Begin PBXFrameworksBuildPhase section */
		2E8FDCAD1AAB489500AA6219 /* Frameworks */ = {
			isa = PBXFrameworksBuildPhase;
			buildActionMask = 2147483647;
			files = (
				2E739C1F1AAB55DF003295C5 /* AudioToolbox.framework in Frameworks */,
				2E739C1D1AAB55D9003295C5 /* CFNetwork.framework in Frameworks */,
				2E739C1B1AAB55D3003295C5 /* CoreGraphics.framework in Frameworks */,
				2E739C251AAB5605003295C5 /* Bolts.framework in Frameworks */,
				2E739C191AAB55CD003295C5 /* CoreLocation.framework in Frameworks */,
				2E739C271AAB5605003295C5 /* ParseCrashReporting.framework in Frameworks */,
				2E739C291AAB5605003295C5 /* ParseUI.framework in Frameworks */,
				2E739C171AAB55C8003295C5 /* MobileCoreServices.framework in Frameworks */,
				2E739C261AAB5605003295C5 /* Parse.framework in Frameworks */,
				2E739C281AAB5605003295C5 /* ParseFacebookUtils.framework in Frameworks */,
				2E739C151AAB55C3003295C5 /* QuartzCore.framework in Frameworks */,
				2E739C131AAB55BE003295C5 /* Security.framework in Frameworks */,
				2E739C0B1AAB5586003295C5 /* StoreKit.framework in Frameworks */,
				2E739C111AAB55B5003295C5 /* SystemConfiguration.framework in Frameworks */,
				2E739C0F1AAB55A1003295C5 /* libz.dylib in Frameworks */,
				2E739C0D1AAB5596003295C5 /* libsqlite3.dylib in Frameworks */,
			);
			runOnlyForDeploymentPostprocessing = 0;
		};
		2E8FDCC21AAB489500AA6219 /* Frameworks */ = {
			isa = PBXFrameworksBuildPhase;
			buildActionMask = 2147483647;
			files = (
			);
			runOnlyForDeploymentPostprocessing = 0;
		};
/* End PBXFrameworksBuildPhase section */

/* Begin PBXGroup section */
		2E739C2A1AAB562B003295C5 /* Frameworks */ = {
			isa = PBXGroup;
			children = (
				2E739C1E1AAB55DF003295C5 /* AudioToolbox.framework */,
				2E739C1C1AAB55D9003295C5 /* CFNetwork.framework */,
				2E739C1A1AAB55D3003295C5 /* CoreGraphics.framework */,
				2E739C181AAB55CD003295C5 /* CoreLocation.framework */,
				2E739C161AAB55C8003295C5 /* MobileCoreServices.framework */,
				2E739C141AAB55C3003295C5 /* QuartzCore.framework */,
				2E739C121AAB55BE003295C5 /* Security.framework */,
				2E739C101AAB55B5003295C5 /* SystemConfiguration.framework */,
				2E739C0E1AAB55A1003295C5 /* libz.dylib */,
				2E739C201AAB5605003295C5 /* Bolts.framework */,
				2E739C211AAB5605003295C5 /* Parse.framework */,
				2E739C221AAB5605003295C5 /* ParseCrashReporting.framework */,
				2E739C231AAB5605003295C5 /* ParseFacebookUtils.framework */,
				2E739C241AAB5605003295C5 /* ParseUI.framework */,
				2E739C0C1AAB5596003295C5 /* libsqlite3.dylib */,
				2E739C0A1AAB5586003295C5 /* StoreKit.framework */,
			);
			name = Frameworks;
			sourceTree = "<group>";
		};
		2E8FDCA71AAB489500AA6219 = {
			isa = PBXGroup;
			children = (
				2E739C2A1AAB562B003295C5 /* Frameworks */,
				2E8FDCD51AAB48FE00AA6219 /* EduChat-Bridging-Header.h */,
				2E8FDCB21AAB489500AA6219 /* EduChat */,
				2E8FDCC81AAB489500AA6219 /* EduChatTests */,
				2E8FDCB11AAB489500AA6219 /* Products */,
			);
			sourceTree = "<group>";
		};
		2E8FDCB11AAB489500AA6219 /* Products */ = {
			isa = PBXGroup;
			children = (
				2E8FDCB01AAB489500AA6219 /* EduChat.app */,
				2E8FDCC51AAB489500AA6219 /* EduChatTests.xctest */,
			);
			name = Products;
			sourceTree = "<group>";
		};
		2E8FDCB21AAB489500AA6219 /* EduChat */ = {
			isa = PBXGroup;
			children = (
				2E8FDCB51AAB489500AA6219 /* AppDelegate.swift */,
				2E739C081AAB52DA003295C5 /* ThreadTableViewController.swift */,
				2E739C2F1AAB7D94003295C5 /* Main.storyboard */,
				2E739C2D1AAB69ED003295C5 /* PostTableViewCell.swift */,
				2E8FDCBC1AAB489500AA6219 /* Images.xcassets */,
				2E8FDCBE1AAB489500AA6219 /* LaunchScreen.xib */,
				2E8FDCB31AAB489500AA6219 /* Supporting Files */,
			);
			path = EduChat;
			sourceTree = "<group>";
		};
		2E8FDCB31AAB489500AA6219 /* Supporting Files */ = {
			isa = PBXGroup;
			children = (
				2E8FDCB41AAB489500AA6219 /* Info.plist */,
			);
			name = "Supporting Files";
			sourceTree = "<group>";
		};
		2E8FDCC81AAB489500AA6219 /* EduChatTests */ = {
			isa = PBXGroup;
			children = (
				2E8FDCCB1AAB489500AA6219 /* EduChatTests.swift */,
				2E8FDCC91AAB489500AA6219 /* Supporting Files */,
			);
			path = EduChatTests;
			sourceTree = "<group>";
		};
		2E8FDCC91AAB489500AA6219 /* Supporting Files */ = {
			isa = PBXGroup;
			children = (
				2E8FDCCA1AAB489500AA6219 /* Info.plist */,
			);
			name = "Supporting Files";
			sourceTree = "<group>";
		};
/* End PBXGroup section */

/* Begin PBXNativeTarget section */
		2E8FDCAF1AAB489500AA6219 /* EduChat */ = {
			isa = PBXNativeTarget;
			buildConfigurationList = 2E8FDCCF1AAB489500AA6219 /* Build configuration list for PBXNativeTarget "EduChat" */;
			buildPhases = (
				2E8FDCAC1AAB489500AA6219 /* Sources */,
				2E8FDCAD1AAB489500AA6219 /* Frameworks */,
				2E8FDCAE1AAB489500AA6219 /* Resources */,
			);
			buildRules = (
			);
			dependencies = (
			);
			name = EduChat;
			productName = EduChat;
			productReference = 2E8FDCB01AAB489500AA6219 /* EduChat.app */;
			productType = "com.apple.product-type.application";
		};
		2E8FDCC41AAB489500AA6219 /* EduChatTests */ = {
			isa = PBXNativeTarget;
			buildConfigurationList = 2E8FDCD21AAB489500AA6219 /* Build configuration list for PBXNativeTarget "EduChatTests" */;
			buildPhases = (
				2E8FDCC11AAB489500AA6219 /* Sources */,
				2E8FDCC21AAB489500AA6219 /* Frameworks */,
				2E8FDCC31AAB489500AA6219 /* Resources */,
			);
			buildRules = (
			);
			dependencies = (
				2E8FDCC71AAB489500AA6219 /* PBXTargetDependency */,
			);
			name = EduChatTests;
			productName = EduChatTests;
			productReference = 2E8FDCC51AAB489500AA6219 /* EduChatTests.xctest */;
			productType = "com.apple.product-type.bundle.unit-test";
		};
/* End PBXNativeTarget section */

/* Begin PBXProject section */
		2E8FDCA81AAB489500AA6219 /* Project object */ = {
			isa = PBXProject;
			attributes = {
				LastUpgradeCheck = 0610;
				ORGANIZATIONNAME = "Martin Developments";
				TargetAttributes = {
					2E8FDCAF1AAB489500AA6219 = {
						CreatedOnToolsVersion = 6.1.1;
					};
					2E8FDCC41AAB489500AA6219 = {
						CreatedOnToolsVersion = 6.1.1;
						TestTargetID = 2E8FDCAF1AAB489500AA6219;
					};
				};
			};
			buildConfigurationList = 2E8FDCAB1AAB489500AA6219 /* Build configuration list for PBXProject "EduChat" */;
			compatibilityVersion = "Xcode 3.2";
			developmentRegion = English;
			hasScannedForEncodings = 0;
			knownRegions = (
				en,
				Base,
			);
			mainGroup = 2E8FDCA71AAB489500AA6219;
			productRefGroup = 2E8FDCB11AAB489500AA6219 /* Products */;
			projectDirPath = "";
			projectRoot = "";
			targets = (
				2E8FDCAF1AAB489500AA6219 /* EduChat */,
				2E8FDCC41AAB489500AA6219 /* EduChatTests */,
			);
		};
/* End PBXProject section */

/* Begin PBXResourcesBuildPhase section */
		2E8FDCAE1AAB489500AA6219 /* Resources */ = {
			isa = PBXResourcesBuildPhase;
			buildActionMask = 2147483647;
			files = (
				2E8FDCC01AAB489500AA6219 /* LaunchScreen.xib in Resources */,
				2E8FDCBD1AAB489500AA6219 /* Images.xcassets in Resources */,
				2E739C301AAB7D94003295C5 /* Main.storyboard in Resources */,
			);
			runOnlyForDeploymentPostprocessing = 0;
		};
		2E8FDCC31AAB489500AA6219 /* Resources */ = {
			isa = PBXResourcesBuildPhase;
			buildActionMask = 2147483647;
			files = (
			);
			runOnlyForDeploymentPostprocessing = 0;
		};
/* End PBXResourcesBuildPhase section */

/* Begin PBXSourcesBuildPhase section */
		2E8FDCAC1AAB489500AA6219 /* Sources */ = {
			isa = PBXSourcesBuildPhase;
			buildActionMask = 2147483647;
			files = (
				2E8FDCB61AAB489500AA6219 /* AppDelegate.swift in Sources */,
				2E739C091AAB52DA003295C5 /* ThreadTableViewController.swift in Sources */,
				2E739C2E1AAB69ED003295C5 /* PostTableViewCell.swift in Sources */,
			);
			runOnlyForDeploymentPostprocessing = 0;
		};
		2E8FDCC11AAB489500AA6219 /* Sources */ = {
			isa = PBXSourcesBuildPhase;
			buildActionMask = 2147483647;
			files = (
				2E8FDCCC1AAB489500AA6219 /* EduChatTests.swift in Sources */,
			);
			runOnlyForDeploymentPostprocessing = 0;
		};
/* End PBXSourcesBuildPhase section */

/* Begin PBXTargetDependency section */
		2E8FDCC71AAB489500AA6219 /* PBXTargetDependency */ = {
			isa = PBXTargetDependency;
			target = 2E8FDCAF1AAB489500AA6219 /* EduChat */;
			targetProxy = 2E8FDCC61AAB489500AA6219 /* PBXContainerItemProxy */;
		};
/* End PBXTargetDependency section */

/* Begin PBXVariantGroup section */
		2E8FDCBE1AAB489500AA6219 /* LaunchScreen.xib */ = {
			isa = PBXVariantGroup;
			children = (
				2E8FDCBF1AAB489500AA6219 /* Base */,
			);
			name = LaunchScreen.xib;
			sourceTree = "<group>";
		};
/* End PBXVariantGroup section */

/* Begin XCBuildConfiguration section */
		2E8FDCCD1AAB489500AA6219 /* Debug */ = {
			isa = XCBuildConfiguration;
			buildSettings = {
				ALWAYS_SEARCH_USER_PATHS = NO;
				CLANG_CXX_LANGUAGE_STANDARD = "gnu++0x";
				CLANG_CXX_LIBRARY = "libc++";
				CLANG_ENABLE_MODULES = YES;
				CLANG_ENABLE_OBJC_ARC = YES;
				CLANG_WARN_BOOL_CONVERSION = YES;
				CLANG_WARN_CONSTANT_CONVERSION = YES;
				CLANG_WARN_DIRECT_OBJC_ISA_USAGE = YES_ERROR;
				CLANG_WARN_EMPTY_BODY = YES;
				CLANG_WARN_ENUM_CONVERSION = YES;
				CLANG_WARN_INT_CONVERSION = YES;
				CLANG_WARN_OBJC_ROOT_CLASS = YES_ERROR;
				CLANG_WARN_UNREACHABLE_CODE = YES;
				CLANG_WARN__DUPLICATE_METHOD_MATCH = YES;
				"CODE_SIGN_IDENTITY[sdk=iphoneos*]" = "iPhone Developer";
				COPY_PHASE_STRIP = NO;
				ENABLE_STRICT_OBJC_MSGSEND = YES;
				GCC_C_LANGUAGE_STANDARD = gnu99;
				GCC_DYNAMIC_NO_PIC = NO;
				GCC_OPTIMIZATION_LEVEL = 0;
				GCC_PREPROCESSOR_DEFINITIONS = (
					"DEBUG=1",
					"$(inherited)",
				);
				GCC_SYMBOLS_PRIVATE_EXTERN = NO;
				GCC_WARN_64_TO_32_BIT_CONVERSION = YES;
				GCC_WARN_ABOUT_RETURN_TYPE = YES_ERROR;
				GCC_WARN_UNDECLARED_SELECTOR = YES;
				GCC_WARN_UNINITIALIZED_AUTOS = YES_AGGRESSIVE;
				GCC_WARN_UNUSED_FUNCTION = YES;
				GCC_WARN_UNUSED_VARIABLE = YES;
				IPHONEOS_DEPLOYMENT_TARGET = 8.1;
				MTL_ENABLE_DEBUG_INFO = YES;
				ONLY_ACTIVE_ARCH = YES;
				SDKROOT = iphoneos;
				SWIFT_OPTIMIZATION_LEVEL = "-Onone";
			};
			name = Debug;
		};
		2E8FDCCE1AAB489500AA6219 /* Release */ = {
			isa = XCBuildConfiguration;
			buildSettings = {
				ALWAYS_SEARCH_USER_PATHS = NO;
				CLANG_CXX_LANGUAGE_STANDARD = "gnu++0x";
				CLANG_CXX_LIBRARY = "libc++";
				CLANG_ENABLE_MODULES = YES;
				CLANG_ENABLE_OBJC_ARC = YES;
				CLANG_WARN_BOOL_CONVERSION = YES;
				CLANG_WARN_CONSTANT_CONVERSION = YES;
				CLANG_WARN_DIRECT_OBJC_ISA_USAGE = YES_ERROR;
				CLANG_WARN_EMPTY_BODY = YES;
				CLANG_WARN_ENUM_CONVERSION = YES;
				CLANG_WARN_INT_CONVERSION = YES;
				CLANG_WARN_OBJC_ROOT_CLASS = YES_ERROR;
				CLANG_WARN_UNREACHABLE_CODE = YES;
				CLANG_WARN__DUPLICATE_METHOD_MATCH = YES;
				"CODE_SIGN_IDENTITY[sdk=iphoneos*]" = "iPhone Developer";
				COPY_PHASE_STRIP = YES;
				ENABLE_NS_ASSERTIONS = NO;
				ENABLE_STRICT_OBJC_MSGSEND = YES;
				GCC_C_LANGUAGE_STANDARD = gnu99;
				GCC_WARN_64_TO_32_BIT_CONVERSION = YES;
				GCC_WARN_ABOUT_RETURN_TYPE = YES_ERROR;
				GCC_WARN_UNDECLARED_SELECTOR = YES;
				GCC_WARN_UNINITIALIZED_AUTOS = YES_AGGRESSIVE;
				GCC_WARN_UNUSED_FUNCTION = YES;
				GCC_WARN_UNUSED_VARIABLE = YES;
				IPHONEOS_DEPLOYMENT_TARGET = 8.1;
				MTL_ENABLE_DEBUG_INFO = NO;
				SDKROOT = iphoneos;
				VALIDATE_PRODUCT = YES;
			};
			name = Release;
		};
		2E8FDCD01AAB489500AA6219 /* Debug */ = {
			isa = XCBuildConfiguration;
			buildSettings = {
				ASSETCATALOG_COMPILER_APPICON_NAME = AppIcon;
				CLANG_ENABLE_MODULES = YES;
				FRAMEWORK_SEARCH_PATHS = (
					"$(inherited)",
					"$(PROJECT_DIR)/EduChat",
					"$(PROJECT_DIR)",
				);
				INFOPLIST_FILE = EduChat/Info.plist;
				LD_RUNPATH_SEARCH_PATHS = "$(inherited) @executable_path/Frameworks";
				LIBRARY_SEARCH_PATHS = (
					"$(inherited)",
					"$(PROJECT_DIR)/EduChat",
				);
				PRODUCT_NAME = "$(TARGET_NAME)";
				SWIFT_OBJC_BRIDGING_HEADER = "EduChat-Bridging-Header.h";
				SWIFT_OPTIMIZATION_LEVEL = "-Onone";
			};
			name = Debug;
		};
		2E8FDCD11AAB489500AA6219 /* Release */ = {
			isa = XCBuildConfiguration;
			buildSettings = {
				ASSETCATALOG_COMPILER_APPICON_NAME = AppIcon;
				CLANG_ENABLE_MODULES = YES;
				FRAMEWORK_SEARCH_PATHS = (
					"$(inherited)",
					"$(PROJECT_DIR)/EduChat",
					"$(PROJECT_DIR)",
				);
				INFOPLIST_FILE = EduChat/Info.plist;
				LD_RUNPATH_SEARCH_PATHS = "$(inherited) @executable_path/Frameworks";
				LIBRARY_SEARCH_PATHS = (
					"$(inherited)",
					"$(PROJECT_DIR)/EduChat",
				);
				PRODUCT_NAME = "$(TARGET_NAME)";
				SWIFT_OBJC_BRIDGING_HEADER = "EduChat-Bridging-Header.h";
			};
			name = Release;
		};
		2E8FDCD31AAB489500AA6219 /* Debug */ = {
			isa = XCBuildConfiguration;
			buildSettings = {
				BUNDLE_LOADER = "$(TEST_HOST)";
				FRAMEWORK_SEARCH_PATHS = (
					"$(SDKROOT)/Developer/Library/Frameworks",
					"$(inherited)",
				);
				GCC_PREPROCESSOR_DEFINITIONS = (
					"DEBUG=1",
					"$(inherited)",
				);
				INFOPLIST_FILE = EduChatTests/Info.plist;
				LD_RUNPATH_SEARCH_PATHS = "$(inherited) @executable_path/Frameworks @loader_path/Frameworks";
				PRODUCT_NAME = "$(TARGET_NAME)";
				TEST_HOST = "$(BUILT_PRODUCTS_DIR)/EduChat.app/EduChat";
			};
			name = Debug;
		};
		2E8FDCD41AAB489500AA6219 /* Release */ = {
			isa = XCBuildConfiguration;
			buildSettings = {
				BUNDLE_LOADER = "$(TEST_HOST)";
				FRAMEWORK_SEARCH_PATHS = (
					"$(SDKROOT)/Developer/Library/Frameworks",
					"$(inherited)",
				);
				INFOPLIST_FILE = EduChatTests/Info.plist;
				LD_RUNPATH_SEARCH_PATHS = "$(inherited) @executable_path/Frameworks @loader_path/Frameworks";
				PRODUCT_NAME = "$(TARGET_NAME)";
				TEST_HOST = "$(BUILT_PRODUCTS_DIR)/EduChat.app/EduChat";
			};
			name = Release;
		};
/* End XCBuildConfiguration section */

/* Begin XCConfigurationList section */
		2E8FDCAB1AAB489500AA6219 /* Build configuration list for PBXProject "EduChat" */ = {
			isa = XCConfigurationList;
			buildConfigurations = (
				2E8FDCCD1AAB489500AA6219 /* Debug */,
				2E8FDCCE1AAB489500AA6219 /* Release */,
			);
			defaultConfigurationIsVisible = 0;
			defaultConfigurationName = Release;
		};
		2E8FDCCF1AAB489500AA6219 /* Build configuration list for PBXNativeTarget "EduChat" */ = {
			isa = XCConfigurationList;
			buildConfigurations = (
				2E8FDCD01AAB489500AA6219 /* Debug */,
				2E8FDCD11AAB489500AA6219 /* Release */,
			);
			defaultConfigurationIsVisible = 0;
			defaultConfigurationName = Release;
		};
		2E8FDCD21AAB489500AA6219 /* Build configuration list for PBXNativeTarget "EduChatTests" */ = {
			isa = XCConfigurationList;
			buildConfigurations = (
				2E8FDCD31AAB489500AA6219 /* Debug */,
				2E8FDCD41AAB489500AA6219 /* Release */,
			);
			defaultConfigurationIsVisible = 0;
			defaultConfigurationName = Release;
		};
/* End XCConfigurationList section */
	};
	rootObject = 2E8FDCA81AAB489500AA6219 /* Project object */;
}
